# THIS IS AN AUTOGENERATED FILE. DO NOT EDIT THIS FILE DIRECTLY.
# yarn lockfile v1


tablecloth-bucklescript@^0.0.6:
  version "0.0.6"
  resolved "https://registry.yarnpkg.com/tablecloth-bucklescript/-/tablecloth-bucklescript-0.0.6.tgz#92b27c4e46ceec47008728367eccd7d5016b3914"
  integrity sha512-rfwtTya+tfPByxsfH0i1GACppzv098wKNGa4YEG9t9m+hpj0T/qpyjA1iOngN9w1iBJaIs4pSUNEAgLf7jWAmw==
